# RULER LOCK — regenerate only by deliberate decision.
# a412b31 on sandhills
# 17 kernels (frozen) + 11 sweep/cull files
841139bedc5ae900e034fde62654e0af393a90cc7c044529c806b409fc3ca79e  tools/metrics/metrics/core.py
10df019939f032f168d127d5afa07dbbb2ac85b34619434de01a8edafcbe925a  tools/metrics/metrics/features.py
4f283cf320edc81d2976c5d22cbdf028f77de6e54206ea23f6a7049bb7fa5347  tools/metrics/metrics/io.py
aaf5f53de02b3dd4a4673c719a7935de406c590eee1ebd320cdb9b768bb96402  tools/metrics/metrics/config.yaml
45c71455886348f4ab43f83873e3a180122180bca623158805b161ab8a559f22  tools/metrics/METRICS.md
311dae2112450cdc1183f2c1aa47bca0442fc1fecde8ecb02185f9d67bb0af73  tools/macro_campaign/macro_campaign/flow.py
759bc608ef369732fdb5523ea6b6b4c7b15bc9d7c9590572eaef7c456104f382  tools/macro_campaign/macro_campaign/structure.py
bf5708137c8c15946866b12ee030c5933393a3ff79c2407112432307450ec4e8  tools/macro_campaign/macro_campaign/netstats.py
3f0dc3fbb8dca5f04665b57e667edccd9d3d8a0ebcee8fcbdafc5a58c45561f3  tools/macro_campaign/macro_campaign/cgrid.py
3f2b63aa7fed0f4b4ad1193d0305c13bd99bd1254ef76e91526b7ebb47c96e31  tools/golf_proxy/proxy.py
a61054a2f905d380ec2ed13d9441f725e9f5c4687d7f5349380bdfb3044a570e  tools/golf_proxy/proxy_thresholds.json
b40bd2394e76d5eab55ebc417f53040f890d891808123dd80b329dbf51782c93  tools/dtm_primitives/dtm_primitives/geomorphons.py
f99b29821bfa37c976f96d37ab8e3459e105cc5d0ce8bb564f4b4e3caab43cbd  tools/dtm_primitives/dtm_primitives/ridgepipe.py
b3e392e15df2775208a7be40c07924f2c9f2c469296b1e22ec4bebf3f8c13374  tools/dtm_primitives/dtm_primitives/blufffit.py
29ffcacaed75e600c73fb0758340a9df689f7863acbbaa7f117ab4b0b72e50c4  tools/dtm_primitives/dtm_primitives/bowlfit.py
586667d136fc091bf55900a63f51cd5a29bfd663f88ece64c1467e236aa1bb0f  tools/dtm_primitives/dtm_primitives/transects.py
f1cd64a2a9701e325e8ed35a26aae62b9299316bd57230079175668e380eca7b  tools/dtm_primitives/dtm_primitives/profiles.py
593df2cb8ccdbd21ac973e49460539cf0a4ae9e54bc0a0e4e4e7b8a224352cd4  tools/macro_campaign/horton_real.py
955da275a4e62294274bf2632ef90dce08b84f0c1d63413dc513edee149f3729  tools/macro_campaign/horton_policy_compare.py
612d886c8e1a8d2029bd721fdbc32d4890b90aaf5a0c036ae43e178192531412  tools/macro_campaign/pattern_survey.py
8814db6ae9dcb6a16b5bcad2cc060d5f0479be13f784b87f6b0ec542f07c32cb  tools/macro_campaign/trunk_probe.py
4a3bc6cbaa8d3b7443082b5ecb3a03d12510f56622c52561db42bbe885a0b6cb  tools/macro_campaign/valley_profile.py
10ed14f12ff7da98930fb7c722e856c22f3102187c9058450287e40149ff4dee  tools/macro_campaign/zone_stats.py
1e64d9420faabe36fc30ca76274841a9413ae42e78234e6d30286fec425bb2bb  tools/macro_campaign/junction_real.py
c6c8bed079c6bfe7887d79b0f6ea43c514e66b8b1034a453949f4028285a79cb  tools/macro_campaign/real_planform.py
ad97f5346fc3384c5a0590fd21cf86acbdb734d91edd02d3e5156520fc5e3707  tools/golf_proxy/proxy_corpus.py
7f1e152f9575ab3893fc13c3611068e797ac6f87049a7215894eb62be1238145  tools/macro_campaign/out/exclude.json
1b640b979f8ce16845478fc4a02b29cea508ecccdf348a7cd354feda6f0f3f11  tools/macro_campaign/out/review_v2.json
